Microsoft Visual Studio Solution File, Format Version 12.00
# Visual Studio 2012
Project("{FAE04EC0-301F-11D3-BF4B-00C04F79EFBC}") = "BuildSystemTest", "BuildSystemTest.csproj", "{C15E3C49-005D-497B-AB96-B096C4EC3653}"
EndProject
Global
	GlobalSection(SolutionConfigurationPlatforms) = preSolution
	Debug|Any CPU = Debug|Any CPU
	ExportDebug|Any CPU = ExportDebug|Any CPU
	ExportRelease|Any CPU = ExportRelease|Any CPU
	EndGlobalSection
	GlobalSection(ProjectConfigurationPlatforms) = postSolution
		{C15E3C49-005D-497B-AB96-B096C4EC3653}.Debug|Any CPU.ActiveCfg = Debug|Any CPU
		{C15E3C49-005D-497B-AB96-B096C4EC3653}.Debug|Any CPU.Build.0 = Debug|Any CPU
		{C15E3C49-005D-497B-AB96-B096C4EC3653}.ExportDebug|Any CPU.ActiveCfg = ExportDebug|Any CPU
		{C15E3C49-005D-497B-AB96-B096C4EC3653}.ExportDebug|Any CPU.Build.0 = ExportDebug|Any CPU
		{C15E3C49-005D-497B-AB96-B096C4EC3653}.ExportRelease|Any CPU.ActiveCfg = ExportRelease|Any CPU
		{C15E3C49-005D-497B-AB96-B096C4EC3653}.ExportRelease|Any CPU.Build.0 = ExportRelease|Any CPU
	EndGlobalSection
EndGlobal
